
Microsoft Visual Studio Solution File, Format Version 12.00
# Visual Studio Version 17
VisualStudioVersion = 17.5.33424.131
MinimumVisualStudioVersion = 10.0.40219.1
Project("{FAE04EC0-301F-11D3-BF4B-00C04F79EFBC}") = "BankAPITester", "BankAPITester\BankAPITester.csproj", "{91EADFE6-7A64-448E-B099-620DD7FC4768}"
EndProject
Global
	GlobalSection(SolutionConfigurationPlatforms) = preSolution
		Debug|Any CPU = Debug|Any CPU
		Release|Any CPU = Release|Any CPU
	EndGlobalSection
	GlobalSection(ProjectConfigurationPlatforms) = postSolution
		{91EADFE6-7A64-448E-B099-620DD7FC4768}.Debug|Any CPU.ActiveCfg = Debug|Any CPU
		{91EADFE6-7A64-448E-B099-620DD7FC4768}.Debug|Any CPU.Build.0 = Debug|Any CPU
		{91EADFE6-7A64-448E-B099-620DD7FC4768}.Release|Any CPU.ActiveCfg = Release|Any CPU
		{91EADFE6-7A64-448E-B099-620DD7FC4768}.Release|Any CPU.Build.0 = Release|Any CPU
	EndGlobalSection
	GlobalSection(SolutionProperties) = preSolution
		HideSolutionNode = FALSE
	EndGlobalSection
	GlobalSection(ExtensibilityGlobals) = postSolution
		SolutionGuid = {30EBD5B6-42D0-49D5-995F-B0789FE8135F}
	EndGlobalSection
EndGlobal
